
Microsoft Visual Studio Solution File, Format Version 12.00
# Visual Studio Version 16
VisualStudioVersion = 16.0.29020.237
MinimumVisualStudioVersion = 10.0.40219.1
Project("{FAE04EC0-301F-11D3-BF4B-00C04F79EFBC}") = "6_1_Extract_Method", "6_1_Extract_Method\6_1_Extract_Method.csproj", "{AAA7CF26-1B7F-44CE-9FD5-FA5656719092}"
EndProject
Global
	GlobalSection(SolutionConfigurationPlatforms) = preSolution
		Debug|Any CPU = Debug|Any CPU
		Release|Any CPU = Release|Any CPU
	EndGlobalSection
	GlobalSection(ProjectConfigurationPlatforms) = postSolution
		{AAA7CF26-1B7F-44CE-9FD5-FA5656719092}.Debug|Any CPU.ActiveCfg = Debug|Any CPU
		{AAA7CF26-1B7F-44CE-9FD5-FA5656719092}.Debug|Any CPU.Build.0 = Debug|Any CPU
		{AAA7CF26-1B7F-44CE-9FD5-FA5656719092}.Release|Any CPU.ActiveCfg = Release|Any CPU
		{AAA7CF26-1B7F-44CE-9FD5-FA5656719092}.Release|Any CPU.Build.0 = Release|Any CPU
	EndGlobalSection
	GlobalSection(SolutionProperties) = preSolution
		HideSolutionNode = FALSE
	EndGlobalSection
	GlobalSection(ExtensibilityGlobals) = postSolution
		SolutionGuid = {863D4EB4-592E-4998-BF90-E1AA58EA85E7}
	EndGlobalSection
EndGlobal
